{
  "version": "3",
  "packages": {
    "specifiers": {
      "jsr:@std/assert": "jsr:@std/assert@1.0.6",
      "jsr:@std/datetime": "jsr:@std/datetime@0.225.2",
      "jsr:@std/internal@^1.0.4": "jsr:@std/internal@1.0.4",
      "jsr:@std/path": "jsr:@std/path@1.0.7"
    },
    "jsr": {
      "@std/assert@1.0.6": {
        "integrity": "1904c05806a25d94fe791d6d883b685c9e2dcd60e4f9fc30f4fc5cf010c72207",
        "dependencies": [
          "jsr:@std/internal@^1.0.4"
        ]
      },
      "@std/datetime@0.225.2": {
        "integrity": "45f0100554a912cd65f48089ef0a33aa1eb6ea21f08090840b539ab582827eaa"
      },
      "@std/internal@1.0.4": {
        "integrity": "62e8e4911527e5e4f307741a795c0b0a9e6958d0b3790716ae71ce085f755422"
      },
      "@std/path@1.0.7": {
        "integrity": "76a689e07f0e15dcc6002ec39d0866797e7156629212b28f27179b8a5c3b33a1"
      }
    }
  },
  "remote": {
    "https://deno.land/std@0.115.1/async/pool.ts": "353ce4f91865da203a097aa6f33de8966340c91b6f4a055611c8c5d534afd12f",
    "https://deno.land/x/aws_sign_v4@1.0.2/mod.ts": "be798766c3058ebe0ba9a45c3d18a0e87855b3663bacd3e86278173a49b6618f",
    "https://deno.land/x/aws_sign_v4@1.0.2/src/date.ts": "96d156206dceadbede0e8cd709dd2b0f8c8aef858359dbe187b78c50bdc73353",
    "https://deno.land/x/aws_sign_v4@1.0.2/src/signing.ts": "0118be5f11100e32075e680fb7ceb78e3cf6caf923739178dad8508ad4ea5db3",
    "https://deno.land/x/aws_sign_v4@1.0.2/src/util.ts": "c3b58b95bce15d02607f7434e488cfaef235dc7773b7e9d90d9d6e962d189c23",
    "https://deno.land/x/html_entities@v1.0/lib/xml-entities.js": "cbbc40f7b6fd1f925508ff7d43a52d2383a57a64d0aaa3a7a1eca9d4155e4bde",
    "https://deno.land/x/s3@0.5.0/deps.ts": "712e6417008266bbab80f4d95a633474e353787b198f00e303b5d0e57bab334e",
    "https://deno.land/x/s3@0.5.0/mod.ts": "4e0ec5073559a035429afaeb4b1f8ee8470b6f4f831df25ea0bde181b22aabec",
    "https://deno.land/x/s3@0.5.0/src/bucket.ts": "e3a76cd2ac219f53f46e1196663f5c9507d9bcb17e2354e19c2c19de3aeac418",
    "https://deno.land/x/s3@0.5.0/src/client.ts": "1ea62d85d17ad2d3bb643af008712299c8ccc4ba030a26b0d6c3cc804e1cb48b",
    "https://deno.land/x/s3@0.5.0/src/error.ts": "a7857ca64eedbaf5c4daad5e83fdef5c4acd61534bffdab784b4e17e008e6aae",
    "https://deno.land/x/s3@0.5.0/src/request.ts": "c469c447d65e0508a94c8fa6d68ab4c54b23efbdacef58dd8651975721ecf8a6",
    "https://raw.githubusercontent.com/nekobato/deno-xml-parser/0bc4c2bd2f5fad36d274279978ca57eec57c680c/index.ts": "05d093028c005706e37b46bfe2bb7e2488f42fdc74d2196ac818902336927c01"
  },
  "workspace": {
    "packageJson": {
      "dependencies": [
        "npm:@biomejs/biome@1.9.3",
        "npm:lefthook@^1.6.12",
        "npm:turbo@^2.0.1"
      ]
    },
    "members": {
      "apps/docs": {
        "packageJson": {
          "dependencies": [
            "npm:@chromatic-com/storybook@^1.3.3",
            "npm:@storybook/addon-essentials@^8.0.8",
            "npm:@storybook/addon-interactions@^8.0.8",
            "npm:@storybook/addon-links@^8.0.8",
            "npm:@storybook/addon-onboarding@^8.0.8",
            "npm:@storybook/addon-themes@^8.0.8",
            "npm:@storybook/blocks@^8.0.8",
            "npm:@storybook/react-vite@^8.0.8",
            "npm:@storybook/react@^8.0.8",
            "npm:@storybook/test@^8.0.8",
            "npm:@types/mime@^4.0.0",
            "npm:prop-types@^15.8.1",
            "npm:react-dom@^18.2.0",
            "npm:react@^18.2.0",
            "npm:storybook@^8.0.8",
            "npm:vite@^5.2.0"
          ]
        }
      },
      "apps/hub": {
        "packageJson": {
          "dependencies": [
            "npm:@date-fns/utc@^1.2.0",
            "npm:@fortawesome/fontawesome-svg-core@^6.5.2",
            "npm:@fortawesome/free-brands-svg-icons@^6.5.2",
            "npm:@fortawesome/free-solid-svg-icons@^6.5.2",
            "npm:@fortawesome/react-fontawesome@^0.2.2",
            "npm:@hookform/resolvers@^3.3.4",
            "npm:@sentry/react@^8.26.0",
            "npm:@sentry/vite-plugin@^2.22.2",
            "npm:@tanstack/query-broadcast-client-experimental@^5.56.2",
            "npm:@tanstack/query-sync-storage-persister@^5.56.2",
            "npm:@tanstack/react-query-devtools@^5.58.0",
            "npm:@tanstack/react-query-persist-client@^5.56.2",
            "npm:@tanstack/react-query@^5.56.2",
            "npm:@tanstack/react-router@^1.58.12",
            "npm:@tanstack/router-devtools@^1.58.12",
            "npm:@tanstack/router-vite-plugin@^1.58.12",
            "npm:@tanstack/router-zod-adapter@^1.58.12",
            "npm:@types/bcryptjs@^2.4.6",
            "npm:@types/file-saver@^2",
            "npm:@types/mime@^4.0.0",
            "npm:@types/node@^20.11.30",
            "npm:@types/react-dom@^18.2.22",
            "npm:@types/react@^18.2.66",
            "npm:@vitejs/plugin-react@^4.2.1",
            "npm:autoprefixer@^10.4.19",
            "npm:bcryptjs@^2.4.3",
            "npm:file-saver@^2.0.5",
            "npm:framer-motion@^11.2.11",
            "npm:lodash@^4.17.21",
            "npm:postcss@^8.4.38",
            "npm:posthog-js@^1.144.2",
            "npm:react-dom@^18.2.0",
            "npm:react-hook-form@^7.51.1",
            "npm:react-konami-code@^2.3.0",
            "npm:react-turnstile@^1.1.3",
            "npm:react@^18.2.0",
            "npm:recharts@^2.12.7",
            "npm:superjson@^2.2.1",
            "npm:tailwind-merge@^2.2.2",
            "npm:tailwindcss-animate@^1.0.7",
            "npm:tailwindcss@^3.4.1",
            "npm:turnstile-types@^1.2.1",
            "npm:typescript@^5.5.4",
            "npm:usehooks-ts@^3.1.0",
            "npm:vite-plugin-favicons-inject@^2.2.0",
            "npm:vite@^5.2.0",
            "npm:zod@^3.22.4"
          ]
        }
      },
      "packages/components": {
        "packageJson": {
          "dependencies": [
            "npm:@codemirror/lang-javascript@^6.2.2",
            "npm:@codemirror/lang-json@^6.0.1",
            "npm:@codemirror/view@^6.28.4",
            "npm:@fortawesome/fontawesome-svg-core@^6.5.2",
            "npm:@fortawesome/free-brands-svg-icons@^6.5.2",
            "npm:@fortawesome/free-solid-svg-icons@^6.5.2",
            "npm:@fortawesome/react-fontawesome@^0.2.2",
            "npm:@hookform/resolvers@^3.9.0",
            "npm:@radix-ui/react-accordion@^1.1.2",
            "npm:@radix-ui/react-avatar@^1.0.4",
            "npm:@radix-ui/react-checkbox@^1.1.1",
            "npm:@radix-ui/react-dialog@^1.1.1",
            "npm:@radix-ui/react-dropdown-menu@^2.0.6",
            "npm:@radix-ui/react-label@^2.0.2",
            "npm:@radix-ui/react-popover@^1.0.7",
            "npm:@radix-ui/react-progress@^1.0.3",
            "npm:@radix-ui/react-radio-group@^1.0.3",
            "npm:@radix-ui/react-scroll-area@^1.0.5",
            "npm:@radix-ui/react-select@^2.0.0",
            "npm:@radix-ui/react-separator@^1.0.3",
            "npm:@radix-ui/react-slider@^1.1.2",
            "npm:@radix-ui/react-slot@^1.0.2",
            "npm:@radix-ui/react-switch@^1.0.3",
            "npm:@radix-ui/react-tabs@^1.0.4",
            "npm:@radix-ui/react-toggle@^1.0.3",
            "npm:@radix-ui/react-tooltip@^1.1.1",
            "npm:@radix-ui/react-visually-hidden@^1.0.3",
            "npm:@tailwindcss/container-queries@^0.1.1",
            "npm:@tanstack/react-virtual@^3.10.8",
            "npm:@types/mime@^4.0.0",
            "npm:@types/node@^20.11.30",
            "npm:@types/react-dom@^18.2.22",
            "npm:@types/react@^18.2.66",
            "npm:@uiw/codemirror-extensions-basic-setup@^4.23.0",
            "npm:@uiw/codemirror-theme-github@^4.23.0",
            "npm:@uiw/react-codemirror@^4.23.0",
            "npm:@vitejs/plugin-react@^4.2.1",
            "npm:autoprefixer@^10.4.19",
            "npm:class-variance-authority@^0.7.0",
            "npm:clsx@^2.1.0",
            "npm:cmdk@^1.0.0",
            "npm:date-fns@^3.6.0",
            "npm:framer-motion@^11.2.11",
            "npm:input-otp@^1.2.3",
            "npm:lucide-react@^0.439.0",
            "npm:postcss@^8.4.38",
            "npm:react-day-picker@^9.0.9",
            "npm:react-dom@^18.2.0",
            "npm:react-hook-form@^7.51.1",
            "npm:react-resizable-panels@^2.0.19",
            "npm:react@^18.2.0",
            "npm:recharts@^2.12.7",
            "npm:sonner@^1.4.41",
            "npm:tailwind-merge@^2.2.2",
            "npm:tailwindcss-animate@^1.0.7",
            "npm:tailwindcss@^3.4.1",
            "npm:typescript@^5.5.4",
            "npm:usehooks-ts@^3.1.0",
            "npm:vite-plugin-dts@^3.8.1",
            "npm:vite@^5.2.0",
            "npm:zod@^3.23.8"
          ]
        }
      },
      "packages/icons": {
        "packageJson": {
          "dependencies": [
            "npm:@yarnpkg/types@^4.0.0",
            "npm:dedent@^1.5.3",
            "npm:local-pkg@^0.5.0",
            "npm:vite@^5.2.0"
          ]
        }
      }
    }
  }
}
