# This file is generated by running "yarn install" inside your project.
# Manual changes might be lost - proceed with caution!

__metadata:
  version: 8
  cacheKey: 10c0

"@esbuild/aix-ppc64@npm:0.19.11":
  version: 0.19.11
  resolution: "@esbuild/aix-ppc64@npm:0.19.11"
  conditions: os=aix & cpu=ppc64
  languageName: node
  linkType: hard

"@esbuild/android-arm64@npm:0.19.11":
  version: 0.19.11
  resolution: "@esbuild/android-arm64@npm:0.19.11"
  conditions: os=android & cpu=arm64
  languageName: node
  linkType: hard

"@esbuild/android-arm@npm:0.19.11":
  version: 0.19.11
  resolution: "@esbuild/android-arm@npm:0.19.11"
  conditions: os=android & cpu=arm
  languageName: node
  linkType: hard

"@esbuild/android-x64@npm:0.19.11":
  version: 0.19.11
  resolution: "@esbuild/android-x64@npm:0.19.11"
  conditions: os=android & cpu=x64
  languageName: node
  linkType: hard

"@esbuild/darwin-arm64@npm:0.19.11":
  version: 0.19.11
  resolution: "@esbuild/darwin-arm64@npm:0.19.11"
  conditions: os=darwin & cpu=arm64
  languageName: node
  linkType: hard

"@esbuild/darwin-x64@npm:0.19.11":
  version: 0.19.11
  resolution: "@esbuild/darwin-x64@npm:0.19.11"
  conditions: os=darwin & cpu=x64
  languageName: node
  linkType: hard

"@esbuild/freebsd-arm64@npm:0.19.11":
  version: 0.19.11
  resolution: "@esbuild/freebsd-arm64@npm:0.19.11"
  conditions: os=freebsd & cpu=arm64
  languageName: node
  linkType: hard

"@esbuild/freebsd-x64@npm:0.19.11":
  version: 0.19.11
  resolution: "@esbuild/freebsd-x64@npm:0.19.11"
  conditions: os=freebsd & cpu=x64
  languageName: node
  linkType: hard

"@esbuild/linux-arm64@npm:0.19.11":
  version: 0.19.11
  resolution: "@esbuild/linux-arm64@npm:0.19.11"
  conditions: os=linux & cpu=arm64
  languageName: node
  linkType: hard

"@esbuild/linux-arm@npm:0.19.11":
  version: 0.19.11
  resolution: "@esbuild/linux-arm@npm:0.19.11"
  conditions: os=linux & cpu=arm
  languageName: node
  linkType: hard

"@esbuild/linux-ia32@npm:0.19.11":
  version: 0.19.11
  resolution: "@esbuild/linux-ia32@npm:0.19.11"
  conditions: os=linux & cpu=ia32
  languageName: node
  linkType: hard

"@esbuild/linux-loong64@npm:0.19.11":
  version: 0.19.11
  resolution: "@esbuild/linux-loong64@npm:0.19.11"
  conditions: os=linux & cpu=loong64
  languageName: node
  linkType: hard

"@esbuild/linux-mips64el@npm:0.19.11":
  version: 0.19.11
  resolution: "@esbuild/linux-mips64el@npm:0.19.11"
  conditions: os=linux & cpu=mips64el
  languageName: node
  linkType: hard

"@esbuild/linux-ppc64@npm:0.19.11":
  version: 0.19.11
  resolution: "@esbuild/linux-ppc64@npm:0.19.11"
  conditions: os=linux & cpu=ppc64
  languageName: node
  linkType: hard

"@esbuild/linux-riscv64@npm:0.19.11":
  version: 0.19.11
  resolution: "@esbuild/linux-riscv64@npm:0.19.11"
  conditions: os=linux & cpu=riscv64
  languageName: node
  linkType: hard

"@esbuild/linux-s390x@npm:0.19.11":
  version: 0.19.11
  resolution: "@esbuild/linux-s390x@npm:0.19.11"
  conditions: os=linux & cpu=s390x
  languageName: node
  linkType: hard

"@esbuild/linux-x64@npm:0.19.11":
  version: 0.19.11
  resolution: "@esbuild/linux-x64@npm:0.19.11"
  conditions: os=linux & cpu=x64
  languageName: node
  linkType: hard

"@esbuild/netbsd-x64@npm:0.19.11":
  version: 0.19.11
  resolution: "@esbuild/netbsd-x64@npm:0.19.11"
  conditions: os=netbsd & cpu=x64
  languageName: node
  linkType: hard

"@esbuild/openbsd-x64@npm:0.19.11":
  version: 0.19.11
  resolution: "@esbuild/openbsd-x64@npm:0.19.11"
  conditions: os=openbsd & cpu=x64
  languageName: node
  linkType: hard

"@esbuild/sunos-x64@npm:0.19.11":
  version: 0.19.11
  resolution: "@esbuild/sunos-x64@npm:0.19.11"
  conditions: os=sunos & cpu=x64
  languageName: node
  linkType: hard

"@esbuild/win32-arm64@npm:0.19.11":
  version: 0.19.11
  resolution: "@esbuild/win32-arm64@npm:0.19.11"
  conditions: os=win32 & cpu=arm64
  languageName: node
  linkType: hard

"@esbuild/win32-ia32@npm:0.19.11":
  version: 0.19.11
  resolution: "@esbuild/win32-ia32@npm:0.19.11"
  conditions: os=win32 & cpu=ia32
  languageName: node
  linkType: hard

"@esbuild/win32-x64@npm:0.19.11":
  version: 0.19.11
  resolution: "@esbuild/win32-x64@npm:0.19.11"
  conditions: os=win32 & cpu=x64
  languageName: node
  linkType: hard

"@rivet-gg/api@workspace:.":
  version: 0.0.0-use.local
  resolution: "@rivet-gg/api@workspace:."
  dependencies:
    "@types/node": "npm:17.0.33"
    "@types/node-fetch": "npm:2.6.11"
    "@types/qs": "npm:6.9.8"
    "@types/readable-stream": "npm:^4.0.18"
    "@types/url-join": "npm:4.0.1"
    esbuild: "npm:^0.19.11"
    form-data: "npm:^4.0.0"
    js-base64: "npm:^3.7.5"
    node-fetch: "npm:2"
    prettier: "npm:2.7.1"
    qs: "npm:^6.11.2"
    readable-stream: "npm:^4.5.2"
    typescript: "npm:4.6.4"
    url-join: "npm:^5.0.0"
  languageName: unknown
  linkType: soft

"@types/node-fetch@npm:2.6.11":
  version: 2.6.11
  resolution: "@types/node-fetch@npm:2.6.11"
  dependencies:
    "@types/node": "npm:*"
    form-data: "npm:^4.0.0"
  checksum: 10c0/5283d4e0bcc37a5b6d8e629aee880a4ffcfb33e089f4b903b2981b19c623972d1e64af7c3f9540ab990f0f5c89b9b5dda19c5bcb37a8e177079e93683bfd2f49
  languageName: node
  linkType: hard

"@types/node@npm:*":
  version: 22.1.0
  resolution: "@types/node@npm:22.1.0"
  dependencies:
    undici-types: "npm:~6.13.0"
  checksum: 10c0/553dafcb842b889c036d43b390d464e8ffcf3ca455ddd5b1a1ef98396381eafbeb0c112a15cc6bf9662b72bc25fc45efc4b6f604760e1e84c410f1b7936c488b
  languageName: node
  linkType: hard

"@types/node@npm:17.0.33":
  version: 17.0.33
  resolution: "@types/node@npm:17.0.33"
  checksum: 10c0/39df1b3f5d5bd8e54db632dc8f1feb1224d1a9942eb9a1873e031241a30fc458fac9ce38489778cb43242e34cbab27558c2b6f8e9e4d5ef453abf59c27ec151d
  languageName: node
  linkType: hard

"@types/qs@npm:6.9.8":
  version: 6.9.8
  resolution: "@types/qs@npm:6.9.8"
  checksum: 10c0/336358c279818ecedc0b4f9b29fd5052ff6e05dba3f10bad4534a4624819408d0b4710a4cdf8b58dff948dbdb1ca95a00e237189505ef1abfce0e6341eb18022
  languageName: node
  linkType: hard

"@types/readable-stream@npm:^4.0.18":
  version: 4.0.18
  resolution: "@types/readable-stream@npm:4.0.18"
  dependencies:
    "@types/node": "npm:*"
    safe-buffer: "npm:~5.1.1"
  checksum: 10c0/641e0e91b9ecfeed72f7509089f25923e06e19e79ed36f962785c41c07b0c9ecb2ecfdf6d290a101b9b5a669a3b89ee3aff0cad57b66a05e2a30cd199052e3e1
  languageName: node
  linkType: hard

"@types/url-join@npm:4.0.1":
  version: 4.0.1
  resolution: "@types/url-join@npm:4.0.1"
  checksum: 10c0/e8d85c05d511a12c307d5b27f3c8b93636af28bc6f4f317e3278ab2787ac400ba872d074e52450433ded11ab96552423c53719269835544c93694bf6d46dd661
  languageName: node
  linkType: hard

"abort-controller@npm:^3.0.0":
  version: 3.0.0
  resolution: "abort-controller@npm:3.0.0"
  dependencies:
    event-target-shim: "npm:^5.0.0"
  checksum: 10c0/90ccc50f010250152509a344eb2e71977fbf8db0ab8f1061197e3275ddf6c61a41a6edfd7b9409c664513131dd96e962065415325ef23efa5db931b382d24ca5
  languageName: node
  linkType: hard

"asynckit@npm:^0.4.0":
  version: 0.4.0
  resolution: "asynckit@npm:0.4.0"
  checksum: 10c0/d73e2ddf20c4eb9337e1b3df1a0f6159481050a5de457c55b14ea2e5cb6d90bb69e004c9af54737a5ee0917fcf2c9e25de67777bbe58261847846066ba75bc9d
  languageName: node
  linkType: hard

"base64-js@npm:^1.3.1":
  version: 1.5.1
  resolution: "base64-js@npm:1.5.1"
  checksum: 10c0/f23823513b63173a001030fae4f2dabe283b99a9d324ade3ad3d148e218134676f1ee8568c877cd79ec1c53158dcf2d2ba527a97c606618928ba99dd930102bf
  languageName: node
  linkType: hard

"buffer@npm:^6.0.3":
  version: 6.0.3
  resolution: "buffer@npm:6.0.3"
  dependencies:
    base64-js: "npm:^1.3.1"
    ieee754: "npm:^1.2.1"
  checksum: 10c0/2a905fbbcde73cc5d8bd18d1caa23715d5f83a5935867c2329f0ac06104204ba7947be098fe1317fbd8830e26090ff8e764f08cd14fefc977bb248c3487bcbd0
  languageName: node
  linkType: hard

"call-bind@npm:^1.0.0":
  version: 1.0.5
  resolution: "call-bind@npm:1.0.5"
  dependencies:
    function-bind: "npm:^1.1.2"
    get-intrinsic: "npm:^1.2.1"
    set-function-length: "npm:^1.1.1"
  checksum: 10c0/a6172c168fd6dacf744fcde745099218056bd755c50415b592655dcd6562157ed29f130f56c3f6db2250f67e4bd62e5c218cdc56d7bfd76e0bda50770fce2d10
  languageName: node
  linkType: hard

"combined-stream@npm:^1.0.8":
  version: 1.0.8
  resolution: "combined-stream@npm:1.0.8"
  dependencies:
    delayed-stream: "npm:~1.0.0"
  checksum: 10c0/0dbb829577e1b1e839fa82b40c07ffaf7de8a09b935cadd355a73652ae70a88b4320db322f6634a4ad93424292fa80973ac6480986247f1734a1137debf271d5
  languageName: node
  linkType: hard

"define-data-property@npm:^1.1.1":
  version: 1.1.1
  resolution: "define-data-property@npm:1.1.1"
  dependencies:
    get-intrinsic: "npm:^1.2.1"
    gopd: "npm:^1.0.1"
    has-property-descriptors: "npm:^1.0.0"
  checksum: 10c0/77ef6e0bceb515e05b5913ab635a84d537cee84f8a7c37c77fdcb31fc5b80f6dbe81b33375e4b67d96aa04e6a0d8d4ea099e431d83f089af8d93adfb584bcb94
  languageName: node
  linkType: hard

"delayed-stream@npm:~1.0.0":
  version: 1.0.0
  resolution: "delayed-stream@npm:1.0.0"
  checksum: 10c0/d758899da03392e6712f042bec80aa293bbe9e9ff1b2634baae6a360113e708b91326594c8a486d475c69d6259afb7efacdc3537bfcda1c6c648e390ce601b19
  languageName: node
  linkType: hard

"esbuild@npm:^0.19.11":
  version: 0.19.11
  resolution: "esbuild@npm:0.19.11"
  dependencies:
    "@esbuild/aix-ppc64": "npm:0.19.11"
    "@esbuild/android-arm": "npm:0.19.11"
    "@esbuild/android-arm64": "npm:0.19.11"
    "@esbuild/android-x64": "npm:0.19.11"
    "@esbuild/darwin-arm64": "npm:0.19.11"
    "@esbuild/darwin-x64": "npm:0.19.11"
    "@esbuild/freebsd-arm64": "npm:0.19.11"
    "@esbuild/freebsd-x64": "npm:0.19.11"
    "@esbuild/linux-arm": "npm:0.19.11"
    "@esbuild/linux-arm64": "npm:0.19.11"
    "@esbuild/linux-ia32": "npm:0.19.11"
    "@esbuild/linux-loong64": "npm:0.19.11"
    "@esbuild/linux-mips64el": "npm:0.19.11"
    "@esbuild/linux-ppc64": "npm:0.19.11"
    "@esbuild/linux-riscv64": "npm:0.19.11"
    "@esbuild/linux-s390x": "npm:0.19.11"
    "@esbuild/linux-x64": "npm:0.19.11"
    "@esbuild/netbsd-x64": "npm:0.19.11"
    "@esbuild/openbsd-x64": "npm:0.19.11"
    "@esbuild/sunos-x64": "npm:0.19.11"
    "@esbuild/win32-arm64": "npm:0.19.11"
    "@esbuild/win32-ia32": "npm:0.19.11"
    "@esbuild/win32-x64": "npm:0.19.11"
  dependenciesMeta:
    "@esbuild/aix-ppc64":
      optional: true
    "@esbuild/android-arm":
      optional: true
    "@esbuild/android-arm64":
      optional: true
    "@esbuild/android-x64":
      optional: true
    "@esbuild/darwin-arm64":
      optional: true
    "@esbuild/darwin-x64":
      optional: true
    "@esbuild/freebsd-arm64":
      optional: true
    "@esbuild/freebsd-x64":
      optional: true
    "@esbuild/linux-arm":
      optional: true
    "@esbuild/linux-arm64":
      optional: true
    "@esbuild/linux-ia32":
      optional: true
    "@esbuild/linux-loong64":
      optional: true
    "@esbuild/linux-mips64el":
      optional: true
    "@esbuild/linux-ppc64":
      optional: true
    "@esbuild/linux-riscv64":
      optional: true
    "@esbuild/linux-s390x":
      optional: true
    "@esbuild/linux-x64":
      optional: true
    "@esbuild/netbsd-x64":
      optional: true
    "@esbuild/openbsd-x64":
      optional: true
    "@esbuild/sunos-x64":
      optional: true
    "@esbuild/win32-arm64":
      optional: true
    "@esbuild/win32-ia32":
      optional: true
    "@esbuild/win32-x64":
      optional: true
  bin:
    esbuild: bin/esbuild
  checksum: 10c0/0fd913124089e26d30ec30f73b94d4ef9607935251df3253f869106980a5d4c78aa517738c8746abe6e933262e91a77d31427ce468ed8fc7fe498a20f7f92fbc
  languageName: node
  linkType: hard

"event-target-shim@npm:^5.0.0":
  version: 5.0.1
  resolution: "event-target-shim@npm:5.0.1"
  checksum: 10c0/0255d9f936215fd206156fd4caa9e8d35e62075d720dc7d847e89b417e5e62cf1ce6c9b4e0a1633a9256de0efefaf9f8d26924b1f3c8620cffb9db78e7d3076b
  languageName: node
  linkType: hard

"events@npm:^3.3.0":
  version: 3.3.0
  resolution: "events@npm:3.3.0"
  checksum: 10c0/d6b6f2adbccbcda74ddbab52ed07db727ef52e31a61ed26db9feb7dc62af7fc8e060defa65e5f8af9449b86b52cc1a1f6a79f2eafcf4e62add2b7a1fa4a432f6
  languageName: node
  linkType: hard

"form-data@npm:^4.0.0":
  version: 4.0.0
  resolution: "form-data@npm:4.0.0"
  dependencies:
    asynckit: "npm:^0.4.0"
    combined-stream: "npm:^1.0.8"
    mime-types: "npm:^2.1.12"
  checksum: 10c0/cb6f3ac49180be03ff07ba3ff125f9eba2ff0b277fb33c7fc47569fc5e616882c5b1c69b9904c4c4187e97dd0419dd03b134174756f296dec62041e6527e2c6e
  languageName: node
  linkType: hard

"function-bind@npm:^1.1.2":
  version: 1.1.2
  resolution: "function-bind@npm:1.1.2"
  checksum: 10c0/d8680ee1e5fcd4c197e4ac33b2b4dce03c71f4d91717292785703db200f5c21f977c568d28061226f9b5900cbcd2c84463646134fd5337e7925e0942bc3f46d5
  languageName: node
  linkType: hard

"get-intrinsic@npm:^1.0.2, get-intrinsic@npm:^1.1.3, get-intrinsic@npm:^1.2.1, get-intrinsic@npm:^1.2.2":
  version: 1.2.2
  resolution: "get-intrinsic@npm:1.2.2"
  dependencies:
    function-bind: "npm:^1.1.2"
    has-proto: "npm:^1.0.1"
    has-symbols: "npm:^1.0.3"
    hasown: "npm:^2.0.0"
  checksum: 10c0/4e7fb8adc6172bae7c4fe579569b4d5238b3667c07931cd46b4eee74bbe6ff6b91329bec311a638d8e60f5b51f44fe5445693c6be89ae88d4b5c49f7ff12db0b
  languageName: node
  linkType: hard

"gopd@npm:^1.0.1":
  version: 1.0.1
  resolution: "gopd@npm:1.0.1"
  dependencies:
    get-intrinsic: "npm:^1.1.3"
  checksum: 10c0/505c05487f7944c552cee72087bf1567debb470d4355b1335f2c262d218ebbff805cd3715448fe29b4b380bae6912561d0467233e4165830efd28da241418c63
  languageName: node
  linkType: hard

"has-property-descriptors@npm:^1.0.0":
  version: 1.0.1
  resolution: "has-property-descriptors@npm:1.0.1"
  dependencies:
    get-intrinsic: "npm:^1.2.2"
  checksum: 10c0/d62ba94b40150b00d621bc64a6aedb5bf0ee495308b4b7ed6bac856043db3cdfb1db553ae81cec91c9d2bd82057ff0e94145e7fa25d5aa5985ed32e0921927f6
  languageName: node
  linkType: hard

"has-proto@npm:^1.0.1":
  version: 1.0.1
  resolution: "has-proto@npm:1.0.1"
  checksum: 10c0/c8a8fe411f810b23a564bd5546a8f3f0fff6f1b692740eb7a2fdc9df716ef870040806891e2f23ff4653f1083e3895bf12088703dd1a0eac3d9202d3a4768cd0
  languageName: node
  linkType: hard

"has-symbols@npm:^1.0.3":
  version: 1.0.3
  resolution: "has-symbols@npm:1.0.3"
  checksum: 10c0/e6922b4345a3f37069cdfe8600febbca791c94988c01af3394d86ca3360b4b93928bbf395859158f88099cb10b19d98e3bbab7c9ff2c1bd09cf665ee90afa2c3
  languageName: node
  linkType: hard

"hasown@npm:^2.0.0":
  version: 2.0.0
  resolution: "hasown@npm:2.0.0"
  dependencies:
    function-bind: "npm:^1.1.2"
  checksum: 10c0/5d415b114f410661208c95e7ab4879f1cc2765b8daceff4dc8718317d1cb7b9ffa7c5d1eafd9a4389c9aab7445d6ea88e05f3096cb1e529618b55304956b87fc
  languageName: node
  linkType: hard

"ieee754@npm:^1.2.1":
  version: 1.2.1
  resolution: "ieee754@npm:1.2.1"
  checksum: 10c0/b0782ef5e0935b9f12883a2e2aa37baa75da6e66ce6515c168697b42160807d9330de9a32ec1ed73149aea02e0d822e572bca6f1e22bdcbd2149e13b050b17bb
  languageName: node
  linkType: hard

"js-base64@npm:^3.7.5":
  version: 3.7.5
  resolution: "js-base64@npm:3.7.5"
  checksum: 10c0/641f4979fc5cf90b897e265a158dfcbef483219c76bc9a755875cb03ff73efdb1bd468a42e0343e05a3af7226f9d333c08ee4bb10f42a4c526988845ce1dcf1b
  languageName: node
  linkType: hard

"mime-db@npm:1.52.0":
  version: 1.52.0
  resolution: "mime-db@npm:1.52.0"
  checksum: 10c0/0557a01deebf45ac5f5777fe7740b2a5c309c6d62d40ceab4e23da9f821899ce7a900b7ac8157d4548ddbb7beffe9abc621250e6d182b0397ec7f10c7b91a5aa
  languageName: node
  linkType: hard

"mime-types@npm:^2.1.12":
  version: 2.1.35
  resolution: "mime-types@npm:2.1.35"
  dependencies:
    mime-db: "npm:1.52.0"
  checksum: 10c0/82fb07ec56d8ff1fc999a84f2f217aa46cb6ed1033fefaabd5785b9a974ed225c90dc72fff460259e66b95b73648596dbcc50d51ed69cdf464af2d237d3149b2
  languageName: node
  linkType: hard

"node-fetch@npm:2":
  version: 2.7.0
  resolution: "node-fetch@npm:2.7.0"
  dependencies:
    whatwg-url: "npm:^5.0.0"
  peerDependencies:
    encoding: ^0.1.0
  peerDependenciesMeta:
    encoding:
      optional: true
  checksum: 10c0/b55786b6028208e6fbe594ccccc213cab67a72899c9234eb59dba51062a299ea853210fcf526998eaa2867b0963ad72338824450905679ff0fa304b8c5093ae8
  languageName: node
  linkType: hard

"object-inspect@npm:^1.9.0":
  version: 1.13.1
  resolution: "object-inspect@npm:1.13.1"
  checksum: 10c0/fad603f408e345c82e946abdf4bfd774260a5ed3e5997a0b057c44153ac32c7271ff19e3a5ae39c858da683ba045ccac2f65245c12763ce4e8594f818f4a648d
  languageName: node
  linkType: hard

"prettier@npm:2.7.1":
  version: 2.7.1
  resolution: "prettier@npm:2.7.1"
  bin:
    prettier: bin-prettier.js
  checksum: 10c0/359d2b7ecf36bd52924a48331cae506d335f18637fde6c686212f952b9ce678ce9f554a80571049b36ec2897a8a6c40094b776dea371cc5c04c481cf5b78504b
  languageName: node
  linkType: hard

"process@npm:^0.11.10":
  version: 0.11.10
  resolution: "process@npm:0.11.10"
  checksum: 10c0/40c3ce4b7e6d4b8c3355479df77aeed46f81b279818ccdc500124e6a5ab882c0cc81ff7ea16384873a95a74c4570b01b120f287abbdd4c877931460eca6084b3
  languageName: node
  linkType: hard

"qs@npm:^6.11.2":
  version: 6.11.2
  resolution: "qs@npm:6.11.2"
  dependencies:
    side-channel: "npm:^1.0.4"
  checksum: 10c0/4f95d4ff18ed480befcafa3390022817ffd3087fc65f146cceb40fc5edb9fa96cb31f648cae2fa96ca23818f0798bd63ad4ca369a0e22702fcd41379b3ab6571
  languageName: node
  linkType: hard

"readable-stream@npm:^4.5.2":
  version: 4.5.2
  resolution: "readable-stream@npm:4.5.2"
  dependencies:
    abort-controller: "npm:^3.0.0"
    buffer: "npm:^6.0.3"
    events: "npm:^3.3.0"
    process: "npm:^0.11.10"
    string_decoder: "npm:^1.3.0"
  checksum: 10c0/a2c80e0e53aabd91d7df0330929e32d0a73219f9477dbbb18472f6fdd6a11a699fc5d172a1beff98d50eae4f1496c950ffa85b7cc2c4c196963f289a5f39275d
  languageName: node
  linkType: hard

"safe-buffer@npm:~5.1.1":
  version: 5.1.2
  resolution: "safe-buffer@npm:5.1.2"
  checksum: 10c0/780ba6b5d99cc9a40f7b951d47152297d0e260f0df01472a1b99d4889679a4b94a13d644f7dbc4f022572f09ae9005fa2fbb93bbbd83643316f365a3e9a45b21
  languageName: node
  linkType: hard

"safe-buffer@npm:~5.2.0":
  version: 5.2.1
  resolution: "safe-buffer@npm:5.2.1"
  checksum: 10c0/6501914237c0a86e9675d4e51d89ca3c21ffd6a31642efeba25ad65720bce6921c9e7e974e5be91a786b25aa058b5303285d3c15dbabf983a919f5f630d349f3
  languageName: node
  linkType: hard

"set-function-length@npm:^1.1.1":
  version: 1.1.1
  resolution: "set-function-length@npm:1.1.1"
  dependencies:
    define-data-property: "npm:^1.1.1"
    get-intrinsic: "npm:^1.2.1"
    gopd: "npm:^1.0.1"
    has-property-descriptors: "npm:^1.0.0"
  checksum: 10c0/a29e255c116c29e3323b851c4f46c58c91be9bb8b065f191e2ea1807cb2c839df56e3175732a498e0c6d54626ba6b6fef896bf699feb7ab70c42dc47eb247c95
  languageName: node
  linkType: hard

"side-channel@npm:^1.0.4":
  version: 1.0.4
  resolution: "side-channel@npm:1.0.4"
  dependencies:
    call-bind: "npm:^1.0.0"
    get-intrinsic: "npm:^1.0.2"
    object-inspect: "npm:^1.9.0"
  checksum: 10c0/054a5d23ee35054b2c4609b9fd2a0587760737782b5d765a9c7852264710cc39c6dcb56a9bbd6c12cd84071648aea3edb2359d2f6e560677eedadce511ac1da5
  languageName: node
  linkType: hard

"string_decoder@npm:^1.3.0":
  version: 1.3.0
  resolution: "string_decoder@npm:1.3.0"
  dependencies:
    safe-buffer: "npm:~5.2.0"
  checksum: 10c0/810614ddb030e271cd591935dcd5956b2410dd079d64ff92a1844d6b7588bf992b3e1b69b0f4d34a3e06e0bd73046ac646b5264c1987b20d0601f81ef35d731d
  languageName: node
  linkType: hard

"tr46@npm:~0.0.3":
  version: 0.0.3
  resolution: "tr46@npm:0.0.3"
  checksum: 10c0/047cb209a6b60c742f05c9d3ace8fa510bff609995c129a37ace03476a9b12db4dbf975e74600830ef0796e18882b2381fb5fb1f6b4f96b832c374de3ab91a11
  languageName: node
  linkType: hard

"typescript@npm:4.6.4":
  version: 4.6.4
  resolution: "typescript@npm:4.6.4"
  bin:
    tsc: bin/tsc
    tsserver: bin/tsserver
  checksum: 10c0/92e2c0328485a4f7bd7435f5b105f03addff32f867e241dc3be8c372ed801a138c732d9a55697696d2f82a80dd6ad4bddff1ad6b0d1884bf4a24b92e71094c44
  languageName: node
  linkType: hard

"typescript@patch:typescript@npm%3A4.6.4#optional!builtin<compat/typescript>":
  version: 4.6.4
  resolution: "typescript@patch:typescript@npm%3A4.6.4#optional!builtin<compat/typescript>::version=4.6.4&hash=5d3a66"
  bin:
    tsc: bin/tsc
    tsserver: bin/tsserver
  checksum: 10c0/0e3fa814d454942a689daf4c00f82328d323e7ecd4077e3265d45375e64642611631f4c882a71be87774468ba03793e9b8ff4bccfac3018194a9e36d8f72c251
  languageName: node
  linkType: hard

"undici-types@npm:~6.13.0":
  version: 6.13.0
  resolution: "undici-types@npm:6.13.0"
  checksum: 10c0/2de55181f569c77a4f08063f8bf2722fcbb6ea312a26a9e927bd1f5ea5cf3a281c5ddf23155061db083e0a25838f54813543ff13b0ac34d230d5c1205ead66c1
  languageName: node
  linkType: hard

"url-join@npm:^5.0.0":
  version: 5.0.0
  resolution: "url-join@npm:5.0.0"
  checksum: 10c0/ed2b166b4b5a98adcf6828a48b6bd6df1dac4c8a464a73cf4d8e2457ed410dd8da6be0d24855b86026cd7f5c5a3657c1b7b2c7a7c5b8870af17635a41387b04c
  languageName: node
  linkType: hard

"webidl-conversions@npm:^3.0.0":
  version: 3.0.1
  resolution: "webidl-conversions@npm:3.0.1"
  checksum: 10c0/5612d5f3e54760a797052eb4927f0ddc01383550f542ccd33d5238cfd65aeed392a45ad38364970d0a0f4fea32e1f4d231b3d8dac4a3bdd385e5cf802ae097db
  languageName: node
  linkType: hard

"whatwg-url@npm:^5.0.0":
  version: 5.0.0
  resolution: "whatwg-url@npm:5.0.0"
  dependencies:
    tr46: "npm:~0.0.3"
    webidl-conversions: "npm:^3.0.0"
  checksum: 10c0/1588bed84d10b72d5eec1d0faa0722ba1962f1821e7539c535558fb5398d223b0c50d8acab950b8c488b4ba69043fd833cc2697056b167d8ad46fac3995a55d5
  languageName: node
  linkType: hard
