{
  "version": "4",
  "specifiers": {
    "jsr:@std/path@^1.0.8": "1.0.8",
    "jsr:@std/yaml@^1.0.5": "1.0.5",
    "npm:dedent@^1.5.3": "1.5.3"
  },
  "jsr": {
    "@std/path@1.0.8": {
      "integrity": "548fa456bb6a04d3c1a1e7477986b6cffbce95102d0bb447c67c4ee70e0364be"
    },
    "@std/yaml@1.0.5": {
      "integrity": "71ba3d334305ee2149391931508b2c293a8490f94a337eef3a09cade1a2a2742"
    }
  },
  "npm": {
    "dedent@1.5.3": {
      "integrity": "sha512-NHQtfOOW68WD8lgypbLA5oT+Bt0xXJhiYvoR6SmmNXZfpzOGXwdKWmcwG8N7PwVVWV3eF/68nmD9BaJSsTBhyQ=="
    }
  },
  "workspace": {
    "dependencies": [
      "jsr:@std/assert@^1.0.8",
      "jsr:@std/fs@^1.0.5",
      "jsr:@std/path@^1.0.8",
      "jsr:@std/yaml@^1.0.5",
      "npm:dedent@^1.5.3"
    ]
  }
}
