# This file is generated by running "yarn install" inside your project.
# Manual changes might be lost - proceed with caution!

__metadata:
  version: 8
  cacheKey: 10c0

"@hono/node-server@npm:^1.8.2":
  version: 1.13.8
  resolution: "@hono/node-server@npm:1.13.8"
  peerDependencies:
    hono: ^4
  checksum: 10c0/5880892fddc2e3272886b3158a278baf3d054d5772bbe98bb71d5eb1c6030900653c7445221ad4de688527522d782ac5924fb27f944d76fad0cdf7d48ca030d0
  languageName: node
  linkType: hard

"@rivet-gg/api@npm:^24.6.2":
  version: 24.6.2
  resolution: "@rivet-gg/api@npm:24.6.2"
  dependencies:
    "@types/readable-stream": "npm:^4.0.18"
    form-data: "npm:^4.0.0"
    js-base64: "npm:^3.7.5"
    node-fetch: "npm:2"
    qs: "npm:^6.11.2"
    readable-stream: "npm:^4.5.2"
    url-join: "npm:^5.0.0"
  checksum: 10c0/5c3355516f69daf3e46550d5e7ba0774a7ab8943a828f60e03b9a5c534000df61e68f9450b47aa739ce28600b5b5d40045ab86df6f3ca0c49f30929382cc667c
  languageName: node
  linkType: hard

"@types/node@npm:*":
  version: 22.13.5
  resolution: "@types/node@npm:22.13.5"
  dependencies:
    undici-types: "npm:~6.20.0"
  checksum: 10c0/a2e7ed7bb0690e439004779baedeb05159c5cc41ef6d81c7a6ebea5303fde4033669e1c0e41ff7453b45fd2fea8dbd55fddfcd052950c7fcae3167c970bca725
  languageName: node
  linkType: hard

"@types/readable-stream@npm:^4.0.18":
  version: 4.0.18
  resolution: "@types/readable-stream@npm:4.0.18"
  dependencies:
    "@types/node": "npm:*"
    safe-buffer: "npm:~5.1.1"
  checksum: 10c0/641e0e91b9ecfeed72f7509089f25923e06e19e79ed36f962785c41c07b0c9ecb2ecfdf6d290a101b9b5a669a3b89ee3aff0cad57b66a05e2a30cd199052e3e1
  languageName: node
  linkType: hard

"abort-controller@npm:^3.0.0":
  version: 3.0.0
  resolution: "abort-controller@npm:3.0.0"
  dependencies:
    event-target-shim: "npm:^5.0.0"
  checksum: 10c0/90ccc50f010250152509a344eb2e71977fbf8db0ab8f1061197e3275ddf6c61a41a6edfd7b9409c664513131dd96e962065415325ef23efa5db931b382d24ca5
  languageName: node
  linkType: hard

"asynckit@npm:^0.4.0":
  version: 0.4.0
  resolution: "asynckit@npm:0.4.0"
  checksum: 10c0/d73e2ddf20c4eb9337e1b3df1a0f6159481050a5de457c55b14ea2e5cb6d90bb69e004c9af54737a5ee0917fcf2c9e25de67777bbe58261847846066ba75bc9d
  languageName: node
  linkType: hard

"base64-js@npm:^1.3.1":
  version: 1.5.1
  resolution: "base64-js@npm:1.5.1"
  checksum: 10c0/f23823513b63173a001030fae4f2dabe283b99a9d324ade3ad3d148e218134676f1ee8568c877cd79ec1c53158dcf2d2ba527a97c606618928ba99dd930102bf
  languageName: node
  linkType: hard

"buffer@npm:^6.0.3":
  version: 6.0.3
  resolution: "buffer@npm:6.0.3"
  dependencies:
    base64-js: "npm:^1.3.1"
    ieee754: "npm:^1.2.1"
  checksum: 10c0/2a905fbbcde73cc5d8bd18d1caa23715d5f83a5935867c2329f0ac06104204ba7947be098fe1317fbd8830e26090ff8e764f08cd14fefc977bb248c3487bcbd0
  languageName: node
  linkType: hard

"call-bind-apply-helpers@npm:^1.0.1, call-bind-apply-helpers@npm:^1.0.2":
  version: 1.0.2
  resolution: "call-bind-apply-helpers@npm:1.0.2"
  dependencies:
    es-errors: "npm:^1.3.0"
    function-bind: "npm:^1.1.2"
  checksum: 10c0/47bd9901d57b857590431243fea704ff18078b16890a6b3e021e12d279bbf211d039155e27d7566b374d49ee1f8189344bac9833dec7a20cdec370506361c938
  languageName: node
  linkType: hard

"call-bound@npm:^1.0.2":
  version: 1.0.3
  resolution: "call-bound@npm:1.0.3"
  dependencies:
    call-bind-apply-helpers: "npm:^1.0.1"
    get-intrinsic: "npm:^1.2.6"
  checksum: 10c0/45257b8e7621067304b30dbd638e856cac913d31e8e00a80d6cf172911acd057846572d0b256b45e652d515db6601e2974a1b1a040e91b4fc36fb3dd86fa69cf
  languageName: node
  linkType: hard

"combined-stream@npm:^1.0.8":
  version: 1.0.8
  resolution: "combined-stream@npm:1.0.8"
  dependencies:
    delayed-stream: "npm:~1.0.0"
  checksum: 10c0/0dbb829577e1b1e839fa82b40c07ffaf7de8a09b935cadd355a73652ae70a88b4320db322f6634a4ad93424292fa80973ac6480986247f1734a1137debf271d5
  languageName: node
  linkType: hard

"delayed-stream@npm:~1.0.0":
  version: 1.0.0
  resolution: "delayed-stream@npm:1.0.0"
  checksum: 10c0/d758899da03392e6712f042bec80aa293bbe9e9ff1b2634baae6a360113e708b91326594c8a486d475c69d6259afb7efacdc3537bfcda1c6c648e390ce601b19
  languageName: node
  linkType: hard

"dunder-proto@npm:^1.0.1":
  version: 1.0.1
  resolution: "dunder-proto@npm:1.0.1"
  dependencies:
    call-bind-apply-helpers: "npm:^1.0.1"
    es-errors: "npm:^1.3.0"
    gopd: "npm:^1.2.0"
  checksum: 10c0/199f2a0c1c16593ca0a145dbf76a962f8033ce3129f01284d48c45ed4e14fea9bbacd7b3610b6cdc33486cef20385ac054948fefc6272fcce645c09468f93031
  languageName: node
  linkType: hard

"es-define-property@npm:^1.0.1":
  version: 1.0.1
  resolution: "es-define-property@npm:1.0.1"
  checksum: 10c0/3f54eb49c16c18707949ff25a1456728c883e81259f045003499efba399c08bad00deebf65cccde8c0e07908c1a225c9d472b7107e558f2a48e28d530e34527c
  languageName: node
  linkType: hard

"es-errors@npm:^1.3.0":
  version: 1.3.0
  resolution: "es-errors@npm:1.3.0"
  checksum: 10c0/0a61325670072f98d8ae3b914edab3559b6caa980f08054a3b872052640d91da01d38df55df797fcc916389d77fc92b8d5906cf028f4db46d7e3003abecbca85
  languageName: node
  linkType: hard

"es-object-atoms@npm:^1.0.0, es-object-atoms@npm:^1.1.1":
  version: 1.1.1
  resolution: "es-object-atoms@npm:1.1.1"
  dependencies:
    es-errors: "npm:^1.3.0"
  checksum: 10c0/65364812ca4daf48eb76e2a3b7a89b3f6a2e62a1c420766ce9f692665a29d94fe41fe88b65f24106f449859549711e4b40d9fb8002d862dfd7eb1c512d10be0c
  languageName: node
  linkType: hard

"es-set-tostringtag@npm:^2.1.0":
  version: 2.1.0
  resolution: "es-set-tostringtag@npm:2.1.0"
  dependencies:
    es-errors: "npm:^1.3.0"
    get-intrinsic: "npm:^1.2.6"
    has-tostringtag: "npm:^1.0.2"
    hasown: "npm:^2.0.2"
  checksum: 10c0/ef2ca9ce49afe3931cb32e35da4dcb6d86ab02592cfc2ce3e49ced199d9d0bb5085fc7e73e06312213765f5efa47cc1df553a6a5154584b21448e9fb8355b1af
  languageName: node
  linkType: hard

"event-target-shim@npm:^5.0.0":
  version: 5.0.1
  resolution: "event-target-shim@npm:5.0.1"
  checksum: 10c0/0255d9f936215fd206156fd4caa9e8d35e62075d720dc7d847e89b417e5e62cf1ce6c9b4e0a1633a9256de0efefaf9f8d26924b1f3c8620cffb9db78e7d3076b
  languageName: node
  linkType: hard

"events@npm:^3.3.0":
  version: 3.3.0
  resolution: "events@npm:3.3.0"
  checksum: 10c0/d6b6f2adbccbcda74ddbab52ed07db727ef52e31a61ed26db9feb7dc62af7fc8e060defa65e5f8af9449b86b52cc1a1f6a79f2eafcf4e62add2b7a1fa4a432f6
  languageName: node
  linkType: hard

"form-data@npm:^4.0.0":
  version: 4.0.2
  resolution: "form-data@npm:4.0.2"
  dependencies:
    asynckit: "npm:^0.4.0"
    combined-stream: "npm:^1.0.8"
    es-set-tostringtag: "npm:^2.1.0"
    mime-types: "npm:^2.1.12"
  checksum: 10c0/e534b0cf025c831a0929bf4b9bbe1a9a6b03e273a8161f9947286b9b13bf8fb279c6944aae0070c4c311100c6d6dbb815cd955dc217728caf73fad8dc5b8ee9c
  languageName: node
  linkType: hard

"function-bind@npm:^1.1.2":
  version: 1.1.2
  resolution: "function-bind@npm:1.1.2"
  checksum: 10c0/d8680ee1e5fcd4c197e4ac33b2b4dce03c71f4d91717292785703db200f5c21f977c568d28061226f9b5900cbcd2c84463646134fd5337e7925e0942bc3f46d5
  languageName: node
  linkType: hard

"get-intrinsic@npm:^1.2.5, get-intrinsic@npm:^1.2.6":
  version: 1.3.0
  resolution: "get-intrinsic@npm:1.3.0"
  dependencies:
    call-bind-apply-helpers: "npm:^1.0.2"
    es-define-property: "npm:^1.0.1"
    es-errors: "npm:^1.3.0"
    es-object-atoms: "npm:^1.1.1"
    function-bind: "npm:^1.1.2"
    get-proto: "npm:^1.0.1"
    gopd: "npm:^1.2.0"
    has-symbols: "npm:^1.1.0"
    hasown: "npm:^2.0.2"
    math-intrinsics: "npm:^1.1.0"
  checksum: 10c0/52c81808af9a8130f581e6a6a83e1ba4a9f703359e7a438d1369a5267a25412322f03dcbd7c549edaef0b6214a0630a28511d7df0130c93cfd380f4fa0b5b66a
  languageName: node
  linkType: hard

"get-proto@npm:^1.0.1":
  version: 1.0.1
  resolution: "get-proto@npm:1.0.1"
  dependencies:
    dunder-proto: "npm:^1.0.1"
    es-object-atoms: "npm:^1.0.0"
  checksum: 10c0/9224acb44603c5526955e83510b9da41baf6ae73f7398875fba50edc5e944223a89c4a72b070fcd78beb5f7bdda58ecb6294adc28f7acfc0da05f76a2399643c
  languageName: node
  linkType: hard

"gopd@npm:^1.2.0":
  version: 1.2.0
  resolution: "gopd@npm:1.2.0"
  checksum: 10c0/50fff1e04ba2b7737c097358534eacadad1e68d24cccee3272e04e007bed008e68d2614f3987788428fd192a5ae3889d08fb2331417e4fc4a9ab366b2043cead
  languageName: node
  linkType: hard

"has-symbols@npm:^1.0.3, has-symbols@npm:^1.1.0":
  version: 1.1.0
  resolution: "has-symbols@npm:1.1.0"
  checksum: 10c0/dde0a734b17ae51e84b10986e651c664379018d10b91b6b0e9b293eddb32f0f069688c841fb40f19e9611546130153e0a2a48fd7f512891fb000ddfa36f5a20e
  languageName: node
  linkType: hard

"has-tostringtag@npm:^1.0.2":
  version: 1.0.2
  resolution: "has-tostringtag@npm:1.0.2"
  dependencies:
    has-symbols: "npm:^1.0.3"
  checksum: 10c0/a8b166462192bafe3d9b6e420a1d581d93dd867adb61be223a17a8d6dad147aa77a8be32c961bb2f27b3ef893cae8d36f564ab651f5e9b7938ae86f74027c48c
  languageName: node
  linkType: hard

"hasown@npm:^2.0.2":
  version: 2.0.2
  resolution: "hasown@npm:2.0.2"
  dependencies:
    function-bind: "npm:^1.1.2"
  checksum: 10c0/3769d434703b8ac66b209a4cca0737519925bbdb61dd887f93a16372b14694c63ff4e797686d87c90f08168e81082248b9b028bad60d4da9e0d1148766f56eb9
  languageName: node
  linkType: hard

"hono@npm:^4.7.2":
  version: 4.7.2
  resolution: "hono@npm:4.7.2"
  checksum: 10c0/2bf7a85f25048c0deb181a767cf020491be611089a51f45448018fc4fa8a33ab9d34d8d0d39fe4e05c0abd5cd338d9c973984583c27ce7dc8d8919cadd2991d9
  languageName: node
  linkType: hard

"ieee754@npm:^1.2.1":
  version: 1.2.1
  resolution: "ieee754@npm:1.2.1"
  checksum: 10c0/b0782ef5e0935b9f12883a2e2aa37baa75da6e66ce6515c168697b42160807d9330de9a32ec1ed73149aea02e0d822e572bca6f1e22bdcbd2149e13b050b17bb
  languageName: node
  linkType: hard

"js-base64@npm:^3.7.5":
  version: 3.7.7
  resolution: "js-base64@npm:3.7.7"
  checksum: 10c0/3c905a7e78b601e4751b5e710edd0d6d045ce2d23eb84c9df03515371e1b291edc72808dc91e081cb9855aef6758292a2407006f4608ec3705373dd8baf2f80f
  languageName: node
  linkType: hard

"math-intrinsics@npm:^1.1.0":
  version: 1.1.0
  resolution: "math-intrinsics@npm:1.1.0"
  checksum: 10c0/7579ff94e899e2f76ab64491d76cf606274c874d8f2af4a442c016bd85688927fcfca157ba6bf74b08e9439dc010b248ce05b96cc7c126a354c3bae7fcb48b7f
  languageName: node
  linkType: hard

"mime-db@npm:1.52.0":
  version: 1.52.0
  resolution: "mime-db@npm:1.52.0"
  checksum: 10c0/0557a01deebf45ac5f5777fe7740b2a5c309c6d62d40ceab4e23da9f821899ce7a900b7ac8157d4548ddbb7beffe9abc621250e6d182b0397ec7f10c7b91a5aa
  languageName: node
  linkType: hard

"mime-types@npm:^2.1.12":
  version: 2.1.35
  resolution: "mime-types@npm:2.1.35"
  dependencies:
    mime-db: "npm:1.52.0"
  checksum: 10c0/82fb07ec56d8ff1fc999a84f2f217aa46cb6ed1033fefaabd5785b9a974ed225c90dc72fff460259e66b95b73648596dbcc50d51ed69cdf464af2d237d3149b2
  languageName: node
  linkType: hard

"monitor-betterstack@workspace:.":
  version: 0.0.0-use.local
  resolution: "monitor-betterstack@workspace:."
  dependencies:
    "@hono/node-server": "npm:^1.8.2"
    "@rivet-gg/api": "npm:^24.6.2"
    hono: "npm:^4.7.2"
    readline: "npm:^1.3.0"
  languageName: unknown
  linkType: soft

"node-fetch@npm:2":
  version: 2.7.0
  resolution: "node-fetch@npm:2.7.0"
  dependencies:
    whatwg-url: "npm:^5.0.0"
  peerDependencies:
    encoding: ^0.1.0
  peerDependenciesMeta:
    encoding:
      optional: true
  checksum: 10c0/b55786b6028208e6fbe594ccccc213cab67a72899c9234eb59dba51062a299ea853210fcf526998eaa2867b0963ad72338824450905679ff0fa304b8c5093ae8
  languageName: node
  linkType: hard

"object-inspect@npm:^1.13.3":
  version: 1.13.4
  resolution: "object-inspect@npm:1.13.4"
  checksum: 10c0/d7f8711e803b96ea3191c745d6f8056ce1f2496e530e6a19a0e92d89b0fa3c76d910c31f0aa270432db6bd3b2f85500a376a83aaba849a8d518c8845b3211692
  languageName: node
  linkType: hard

"process@npm:^0.11.10":
  version: 0.11.10
  resolution: "process@npm:0.11.10"
  checksum: 10c0/40c3ce4b7e6d4b8c3355479df77aeed46f81b279818ccdc500124e6a5ab882c0cc81ff7ea16384873a95a74c4570b01b120f287abbdd4c877931460eca6084b3
  languageName: node
  linkType: hard

"qs@npm:^6.11.2":
  version: 6.14.0
  resolution: "qs@npm:6.14.0"
  dependencies:
    side-channel: "npm:^1.1.0"
  checksum: 10c0/8ea5d91bf34f440598ee389d4a7d95820e3b837d3fd9f433871f7924801becaa0cd3b3b4628d49a7784d06a8aea9bc4554d2b6d8d584e2d221dc06238a42909c
  languageName: node
  linkType: hard

"readable-stream@npm:^4.5.2":
  version: 4.7.0
  resolution: "readable-stream@npm:4.7.0"
  dependencies:
    abort-controller: "npm:^3.0.0"
    buffer: "npm:^6.0.3"
    events: "npm:^3.3.0"
    process: "npm:^0.11.10"
    string_decoder: "npm:^1.3.0"
  checksum: 10c0/fd86d068da21cfdb10f7a4479f2e47d9c0a9b0c862fc0c840a7e5360201580a55ac399c764b12a4f6fa291f8cee74d9c4b7562e0d53b3c4b2769f2c98155d957
  languageName: node
  linkType: hard

"readline@npm:^1.3.0":
  version: 1.3.0
  resolution: "readline@npm:1.3.0"
  checksum: 10c0/7404c9edc3fd29430221ef1830867c8d87e50612e4ce70f84ecd55686f7db1c81d67c6a4dcb407839f4c459ad05dd34524a2c7a97681e91878367c68d0e38665
  languageName: node
  linkType: hard

"safe-buffer@npm:~5.1.1":
  version: 5.1.2
  resolution: "safe-buffer@npm:5.1.2"
  checksum: 10c0/780ba6b5d99cc9a40f7b951d47152297d0e260f0df01472a1b99d4889679a4b94a13d644f7dbc4f022572f09ae9005fa2fbb93bbbd83643316f365a3e9a45b21
  languageName: node
  linkType: hard

"safe-buffer@npm:~5.2.0":
  version: 5.2.1
  resolution: "safe-buffer@npm:5.2.1"
  checksum: 10c0/6501914237c0a86e9675d4e51d89ca3c21ffd6a31642efeba25ad65720bce6921c9e7e974e5be91a786b25aa058b5303285d3c15dbabf983a919f5f630d349f3
  languageName: node
  linkType: hard

"side-channel-list@npm:^1.0.0":
  version: 1.0.0
  resolution: "side-channel-list@npm:1.0.0"
  dependencies:
    es-errors: "npm:^1.3.0"
    object-inspect: "npm:^1.13.3"
  checksum: 10c0/644f4ac893456c9490ff388bf78aea9d333d5e5bfc64cfb84be8f04bf31ddc111a8d4b83b85d7e7e8a7b845bc185a9ad02c052d20e086983cf59f0be517d9b3d
  languageName: node
  linkType: hard

"side-channel-map@npm:^1.0.1":
  version: 1.0.1
  resolution: "side-channel-map@npm:1.0.1"
  dependencies:
    call-bound: "npm:^1.0.2"
    es-errors: "npm:^1.3.0"
    get-intrinsic: "npm:^1.2.5"
    object-inspect: "npm:^1.13.3"
  checksum: 10c0/010584e6444dd8a20b85bc926d934424bd809e1a3af941cace229f7fdcb751aada0fb7164f60c2e22292b7fa3c0ff0bce237081fd4cdbc80de1dc68e95430672
  languageName: node
  linkType: hard

"side-channel-weakmap@npm:^1.0.2":
  version: 1.0.2
  resolution: "side-channel-weakmap@npm:1.0.2"
  dependencies:
    call-bound: "npm:^1.0.2"
    es-errors: "npm:^1.3.0"
    get-intrinsic: "npm:^1.2.5"
    object-inspect: "npm:^1.13.3"
    side-channel-map: "npm:^1.0.1"
  checksum: 10c0/71362709ac233e08807ccd980101c3e2d7efe849edc51455030327b059f6c4d292c237f94dc0685031dd11c07dd17a68afde235d6cf2102d949567f98ab58185
  languageName: node
  linkType: hard

"side-channel@npm:^1.1.0":
  version: 1.1.0
  resolution: "side-channel@npm:1.1.0"
  dependencies:
    es-errors: "npm:^1.3.0"
    object-inspect: "npm:^1.13.3"
    side-channel-list: "npm:^1.0.0"
    side-channel-map: "npm:^1.0.1"
    side-channel-weakmap: "npm:^1.0.2"
  checksum: 10c0/cb20dad41eb032e6c24c0982e1e5a24963a28aa6122b4f05b3f3d6bf8ae7fd5474ef382c8f54a6a3ab86e0cac4d41a23bd64ede3970e5bfb50326ba02a7996e6
  languageName: node
  linkType: hard

"string_decoder@npm:^1.3.0":
  version: 1.3.0
  resolution: "string_decoder@npm:1.3.0"
  dependencies:
    safe-buffer: "npm:~5.2.0"
  checksum: 10c0/810614ddb030e271cd591935dcd5956b2410dd079d64ff92a1844d6b7588bf992b3e1b69b0f4d34a3e06e0bd73046ac646b5264c1987b20d0601f81ef35d731d
  languageName: node
  linkType: hard

"tr46@npm:~0.0.3":
  version: 0.0.3
  resolution: "tr46@npm:0.0.3"
  checksum: 10c0/047cb209a6b60c742f05c9d3ace8fa510bff609995c129a37ace03476a9b12db4dbf975e74600830ef0796e18882b2381fb5fb1f6b4f96b832c374de3ab91a11
  languageName: node
  linkType: hard

"undici-types@npm:~6.20.0":
  version: 6.20.0
  resolution: "undici-types@npm:6.20.0"
  checksum: 10c0/68e659a98898d6a836a9a59e6adf14a5d799707f5ea629433e025ac90d239f75e408e2e5ff086afc3cace26f8b26ee52155293564593fbb4a2f666af57fc59bf
  languageName: node
  linkType: hard

"url-join@npm:^5.0.0":
  version: 5.0.0
  resolution: "url-join@npm:5.0.0"
  checksum: 10c0/ed2b166b4b5a98adcf6828a48b6bd6df1dac4c8a464a73cf4d8e2457ed410dd8da6be0d24855b86026cd7f5c5a3657c1b7b2c7a7c5b8870af17635a41387b04c
  languageName: node
  linkType: hard

"webidl-conversions@npm:^3.0.0":
  version: 3.0.1
  resolution: "webidl-conversions@npm:3.0.1"
  checksum: 10c0/5612d5f3e54760a797052eb4927f0ddc01383550f542ccd33d5238cfd65aeed392a45ad38364970d0a0f4fea32e1f4d231b3d8dac4a3bdd385e5cf802ae097db
  languageName: node
  linkType: hard

"whatwg-url@npm:^5.0.0":
  version: 5.0.0
  resolution: "whatwg-url@npm:5.0.0"
  dependencies:
    tr46: "npm:~0.0.3"
    webidl-conversions: "npm:^3.0.0"
  checksum: 10c0/1588bed84d10b72d5eec1d0faa0722ba1962f1821e7539c535558fb5398d223b0c50d8acab950b8c488b4ba69043fd833cc2697056b167d8ad46fac3995a55d5
  languageName: node
  linkType: hard
