{
  "version": "4",
  "specifiers": {
    "jsr:@rivet-gg/actor-types@^0.0.4": "0.0.4",
    "jsr:@rivet-gg/actor-types@^0.0.9": "0.0.9",
    "jsr:@std/assert@1": "1.0.8",
    "jsr:@std/internal@^1.0.5": "1.0.5"
  },
  "jsr": {
    "@rivet-gg/actor-types@0.0.4": {
      "integrity": "7679e0a7e0456516453d3334835ca2e75cfb95534d265252b39aff5a7ba002d6"
    },
    "@rivet-gg/actor-types@0.0.9": {
      "integrity": "076edf5dbb0b523a2ba5cd26ea6f7099666dfda02cf3a55b2e84339e1b56be75"
    },
    "@std/assert@1.0.8": {
      "integrity": "ebe0bd7eb488ee39686f77003992f389a06c3da1bbd8022184804852b2fa641b",
      "dependencies": [
        "jsr:@std/internal"
      ]
    },
    "@std/internal@1.0.5": {
      "integrity": "54a546004f769c1ac9e025abd15a76b6671ddc9687e2313b67376125650dc7ba"
    }
  },
  "workspace": {
    "dependencies": [
      "jsr:@rivet-gg/actor-types@^0.0.9",
      "jsr:@std/assert@1"
    ]
  }
}
