{
  "version": "4",
  "specifiers": {
    "jsr:@core/asyncutil@^1.2.0": "1.2.0",
    "jsr:@hono/hono@^4.6.12": "4.6.16",
    "jsr:@rivet-gg/actor@24.6.2-rc.2": "24.6.2-rc.2",
    "jsr:@std/assert@^1.0.8": "1.0.10",
    "jsr:@std/async@^1.0.9": "1.0.9",
    "jsr:@std/bytes@^1.0.4": "1.0.4",
    "jsr:@std/cbor@~0.1.3": "0.1.5",
    "jsr:@std/fmt@^1.0.4": "1.0.4",
    "jsr:@std/fs@^1.0.9": "1.0.9",
    "jsr:@std/io@0.225": "0.225.0",
    "jsr:@std/log@~0.224.11": "0.224.13",
    "jsr:@std/streams@^1.0.8": "1.0.8",
    "npm:@types/react@19": "19.0.7",
    "npm:@types/react@^18.3.0": "18.3.18",
    "npm:on-change@^5.0.1": "5.0.1",
    "npm:react-dom@19": "19.0.0_react@19.0.0",
    "npm:react@*": "19.0.0",
    "npm:react@19": "19.0.0",
    "npm:zod@^3.24.1": "3.24.1"
  },
  "jsr": {
    "@core/asyncutil@1.2.0": {
      "integrity": "9967f15190c60df032c13f72ce5ac73d185c34f31c53dc918d8800025854c118"
    },
    "@hono/hono@4.6.16": {
      "integrity": "b540c6b1352d73142895f7bb6bfd0b6cc514ede61c12940338c4ae5dd06cb326"
    },
    "@rivet-gg/actor@24.6.2-rc.2": {
      "integrity": "6593add76b1f9624974b2e0aa471198bbd596622c3953349178328c68c551a81",
      "dependencies": [
        "jsr:@core/asyncutil",
        "jsr:@hono/hono",
        "jsr:@std/assert",
        "jsr:@std/async",
        "jsr:@std/cbor",
        "jsr:@std/log",
        "npm:on-change",
        "npm:zod"
      ]
    },
    "@std/assert@1.0.10": {
      "integrity": "59b5cbac5bd55459a19045d95cc7c2ff787b4f8527c0dd195078ff6f9481fbb3"
    },
    "@std/async@1.0.9": {
      "integrity": "c6472fd0623b3f3daae023cdf7ca5535e1b721dfbf376562c0c12b3fb4867f91"
    },
    "@std/bytes@1.0.4": {
      "integrity": "11a0debe522707c95c7b7ef89b478c13fb1583a7cfb9a85674cd2cc2e3a28abc"
    },
    "@std/cbor@0.1.5": {
      "integrity": "abb9155998bfebfe625199e3235ae9c7357d20d19718bd81e2df883f7c06b0ce",
      "dependencies": [
        "jsr:@std/bytes",
        "jsr:@std/streams"
      ]
    },
    "@std/fmt@1.0.4": {
      "integrity": "e14fe5bedee26f80877e6705a97a79c7eed599e81bb1669127ef9e8bc1e29a74"
    },
    "@std/fs@1.0.9": {
      "integrity": "3eef7e3ed3d317b29432c7dcb3b20122820dbc574263f721cb0248ad91bad890"
    },
    "@std/io@0.225.0": {
      "integrity": "c1db7c5e5a231629b32d64b9a53139445b2ca640d828c26bf23e1c55f8c079b3"
    },
    "@std/log@0.224.13": {
      "integrity": "f04d82f676c9eb4306194ca166d296d9f1456fe4b7edf2a404a0d55c94d31df7",
      "dependencies": [
        "jsr:@std/fmt",
        "jsr:@std/fs",
        "jsr:@std/io"
      ]
    },
    "@std/streams@1.0.8": {
      "integrity": "b41332d93d2cf6a82fe4ac2153b930adf1a859392931e2a19d9fabfb6f154fb3"
    }
  },
  "npm": {
    "@types/prop-types@15.7.14": {
      "integrity": "sha512-gNMvNH49DJ7OJYv+KAKn0Xp45p8PLl6zo2YnvDIbTd4J6MER2BmWN49TG7n9LvkyihINxeKW8+3bfS2yDC9dzQ=="
    },
    "@types/react@18.3.18": {
      "integrity": "sha512-t4yC+vtgnkYjNSKlFx1jkAhH8LgTo2N/7Qvi83kdEaUtMDiwpbLAktKDaAMlRcJ5eSxZkH74eEGt1ky31d7kfQ==",
      "dependencies": [
        "@types/prop-types",
        "csstype"
      ]
    },
    "@types/react@19.0.7": {
      "integrity": "sha512-MoFsEJKkAtZCrC1r6CM8U22GzhG7u2Wir8ons/aCKH6MBdD1ibV24zOSSkdZVUKqN5i396zG5VKLYZ3yaUZdLA==",
      "dependencies": [
        "csstype"
      ]
    },
    "csstype@3.1.3": {
      "integrity": "sha512-M1uQkMl8rQK/szD0LNhtqxIPLpimGm8sOBwU7lLnCpSbTyY3yeU1Vc7l4KT5zT4s/yOxHH5O7tIuuLOCnLADRw=="
    },
    "on-change@5.0.1": {
      "integrity": "sha512-n7THCP7RkyReRSLkJb8kUWoNsxUIBxTkIp3JKno+sEz6o/9AJ3w3P9fzQkITEkMwyTKJjZciF3v/pVoouxZZMg=="
    },
    "react-dom@19.0.0_react@19.0.0": {
      "integrity": "sha512-4GV5sHFG0e/0AD4X+ySy6UJd3jVl1iNsNHdpad0qhABJ11twS3TTBnseqsKurKcsNqCEFeGL3uLpVChpIO3QfQ==",
      "dependencies": [
        "react",
        "scheduler"
      ]
    },
    "react@19.0.0": {
      "integrity": "sha512-V8AVnmPIICiWpGfm6GLzCR/W5FXLchHop40W4nXBmdlEceh16rCN8O8LNWm5bh5XUX91fh7KpA+W0TgMKmgTpQ=="
    },
    "scheduler@0.25.0": {
      "integrity": "sha512-xFVuu11jh+xcO7JOAGJNOXld8/TcEHK/4CituBUeUb5hqxJLj9YuemAEuvm9gQ/+pgXYfbQuqAkiYu+u7YEsNA=="
    },
    "zod@3.24.1": {
      "integrity": "sha512-muH7gBL9sI1nciMZV67X5fTKKBLtwpZ5VBp1vsOQzj1MhrBZ4wlVCm3gedKZWLp0Oyel8sIGfeiz54Su+OVT+A=="
    }
  },
  "workspace": {
    "dependencies": [
      "jsr:@rivet-gg/actor@24.6.2-rc.2",
      "npm:react-dom@19",
      "npm:react@19"
    ]
  }
}
