{
  "version": "3",
  "packages": {
    "specifiers": {
      "jsr:@std/fs@^1.0.5": "jsr:@std/fs@1.0.5",
      "jsr:@std/path@^1.0.7": "jsr:@std/path@1.0.8",
      "jsr:@std/path@^1.0.8": "jsr:@std/path@1.0.8",
      "npm:dedent@^1.5.3": "npm:dedent@1.5.3"
    },
    "jsr": {
      "@std/fs@1.0.5": {
        "integrity": "41806ad6823d0b5f275f9849a2640d87e4ef67c51ee1b8fb02426f55e02fd44e",
        "dependencies": [
          "jsr:@std/path@^1.0.7"
        ]
      },
      "@std/path@1.0.8": {
        "integrity": "548fa456bb6a04d3c1a1e7477986b6cffbce95102d0bb447c67c4ee70e0364be"
      }
    },
    "npm": {
      "dedent@1.5.3": {
        "integrity": "sha512-NHQtfOOW68WD8lgypbLA5oT+Bt0xXJhiYvoR6SmmNXZfpzOGXwdKWmcwG8N7PwVVWV3eF/68nmD9BaJSsTBhyQ==",
        "dependencies": {}
      }
    }
  },
  "remote": {
    "https://deno.land/std@0.114.0/_util/assert.ts": "2f868145a042a11d5ad0a3c748dcf580add8a0dbc0e876eaa0026303a5488f58",
    "https://deno.land/std@0.114.0/_util/os.ts": "dfb186cc4e968c770ab6cc3288bd65f4871be03b93beecae57d657232ecffcac",
    "https://deno.land/std@0.114.0/bytes/equals.ts": "69f55fdbd45c71f920c1a621e6c0865dc780cd8ae34e0f5e55a9497b70c31c1b",
    "https://deno.land/std@0.114.0/bytes/mod.ts": "fedb80b8da2e7ad8dd251148e65f92a04c73d6c5a430b7d197dc39588c8dda6f",
    "https://deno.land/std@0.114.0/path/_constants.ts": "1247fee4a79b70c89f23499691ef169b41b6ccf01887a0abd131009c5581b853",
    "https://deno.land/std@0.114.0/path/_interface.ts": "1fa73b02aaa24867e481a48492b44f2598cd9dfa513c7b34001437007d3642e4",
    "https://deno.land/std@0.114.0/path/_util.ts": "2e06a3b9e79beaf62687196bd4b60a4c391d862cfa007a20fc3a39f778ba073b",
    "https://deno.land/std@0.114.0/path/common.ts": "f41a38a0719a1e85aa11c6ba3bea5e37c15dd009d705bd8873f94c833568cbc4",
    "https://deno.land/std@0.114.0/path/glob.ts": "ea87985765b977cc284b92771003b2070c440e0807c90e1eb0ff3e095911a820",
    "https://deno.land/std@0.114.0/path/mod.ts": "4465dc494f271b02569edbb4a18d727063b5dbd6ed84283ff906260970a15d12",
    "https://deno.land/std@0.114.0/path/posix.ts": "34349174b9cd121625a2810837a82dd8b986bbaaad5ade690d1de75bbb4555b2",
    "https://deno.land/std@0.114.0/path/separator.ts": "8fdcf289b1b76fd726a508f57d3370ca029ae6976fcde5044007f062e643ff1c",
    "https://deno.land/std@0.114.0/path/win32.ts": "11549e8c6df8307a8efcfa47ad7b2a75da743eac7d4c89c9723a944661c8bd2e",
    "https://deno.land/std@0.114.0/uuid/_common.ts": "e985d221890ce301e8dfef4e7cbd01ff45b64886f6ca65ff3f03e64d8a5ff2b5",
    "https://deno.land/std@0.114.0/uuid/mod.ts": "a62f50c4fd31da2454864fe75c21147dbd70d057791d9c1eef6c80387c5fa579",
    "https://deno.land/std@0.114.0/uuid/v1.ts": "3b242479ab2da5a6f5cdbbfeaa5db7a31966e688237f372ff50e489b93a9be07",
    "https://deno.land/std@0.114.0/uuid/v4.ts": "47f37a826620054272ea7be0ec6ab7ed0cf7b7c120f8b6bd8ac2d3c7deadeb4c",
    "https://deno.land/std@0.114.0/uuid/v5.ts": "627068cdfae94077cdc68a03018add8f9e4103904cdc0914f81b59f4e67b0530"
  },
  "workspace": {
    "dependencies": [
      "jsr:@std/fs@^1.0.5",
      "jsr:@std/path@^1.0.8",
      "npm:dedent@^1.5.3"
    ]
  }
}
