{
  "version": "4",
  "specifiers": {
    "jsr:@core/asyncutil@^1.2.0": "1.2.0",
    "jsr:@hono/hono@^4.6.12": "4.6.16",
    "jsr:@std/assert@^1.0.8": "1.0.10",
    "jsr:@std/async@^1.0.9": "1.0.9",
    "jsr:@std/bytes@^1.0.4": "1.0.4",
    "jsr:@std/cbor@~0.1.3": "0.1.5",
    "jsr:@std/fmt@^1.0.4": "1.0.4",
    "jsr:@std/fs@^1.0.9": "1.0.9",
    "jsr:@std/internal@^1.0.5": "1.0.5",
    "jsr:@std/io@0.225": "0.225.0",
    "jsr:@std/log@~0.224.11": "0.224.13",
    "jsr:@std/streams@^1.0.8": "1.0.8",
    "npm:@ai-sdk/openai@^1.0.16": "1.1.0_zod@3.24.1",
    "npm:@types/node@*": "22.5.4",
    "npm:ai@^4.1.0": "4.1.0",
    "npm:on-change@^5.0.1": "5.0.1",
    "npm:zod@3.24.1": "3.24.1",
    "npm:zod@^3.24.1": "3.24.1"
  },
  "jsr": {
    "@core/asyncutil@1.2.0": {
      "integrity": "9967f15190c60df032c13f72ce5ac73d185c34f31c53dc918d8800025854c118"
    },
    "@hono/hono@4.6.16": {
      "integrity": "b540c6b1352d73142895f7bb6bfd0b6cc514ede61c12940338c4ae5dd06cb326"
    },
    "@std/assert@1.0.10": {
      "integrity": "59b5cbac5bd55459a19045d95cc7c2ff787b4f8527c0dd195078ff6f9481fbb3",
      "dependencies": [
        "jsr:@std/internal"
      ]
    },
    "@std/async@1.0.9": {
      "integrity": "c6472fd0623b3f3daae023cdf7ca5535e1b721dfbf376562c0c12b3fb4867f91"
    },
    "@std/bytes@1.0.4": {
      "integrity": "11a0debe522707c95c7b7ef89b478c13fb1583a7cfb9a85674cd2cc2e3a28abc"
    },
    "@std/cbor@0.1.5": {
      "integrity": "abb9155998bfebfe625199e3235ae9c7357d20d19718bd81e2df883f7c06b0ce",
      "dependencies": [
        "jsr:@std/bytes",
        "jsr:@std/streams"
      ]
    },
    "@std/fmt@1.0.4": {
      "integrity": "e14fe5bedee26f80877e6705a97a79c7eed599e81bb1669127ef9e8bc1e29a74"
    },
    "@std/fs@1.0.9": {
      "integrity": "3eef7e3ed3d317b29432c7dcb3b20122820dbc574263f721cb0248ad91bad890"
    },
    "@std/internal@1.0.5": {
      "integrity": "54a546004f769c1ac9e025abd15a76b6671ddc9687e2313b67376125650dc7ba"
    },
    "@std/io@0.225.0": {
      "integrity": "c1db7c5e5a231629b32d64b9a53139445b2ca640d828c26bf23e1c55f8c079b3"
    },
    "@std/log@0.224.13": {
      "integrity": "f04d82f676c9eb4306194ca166d296d9f1456fe4b7edf2a404a0d55c94d31df7",
      "dependencies": [
        "jsr:@std/fmt",
        "jsr:@std/fs",
        "jsr:@std/io"
      ]
    },
    "@std/streams@1.0.8": {
      "integrity": "b41332d93d2cf6a82fe4ac2153b930adf1a859392931e2a19d9fabfb6f154fb3"
    }
  },
  "npm": {
    "@ai-sdk/openai@1.1.0_zod@3.24.1": {
      "integrity": "sha512-D2DaGMK89yYgO32n4Gr7gBJeJGGGS27gdfzYFMRDXlZmKh7VW1WXBp3FXxDwpmt0CgLoVI4qV8lf+gslah+kWw==",
      "dependencies": [
        "@ai-sdk/provider",
        "@ai-sdk/provider-utils@2.1.0_zod@3.24.1",
        "zod"
      ]
    },
    "@ai-sdk/provider-utils@2.1.0": {
      "integrity": "sha512-rBUabNoyB25PBUjaiMSk86fHNSCqTngNZVvXxv8+6mvw47JX5OexW+ZHRsEw8XKTE8+hqvNFVzctaOrRZ2i9Zw==",
      "dependencies": [
        "@ai-sdk/provider",
        "eventsource-parser",
        "nanoid",
        "secure-json-parse"
      ]
    },
    "@ai-sdk/provider-utils@2.1.0_zod@3.24.1": {
      "integrity": "sha512-rBUabNoyB25PBUjaiMSk86fHNSCqTngNZVvXxv8+6mvw47JX5OexW+ZHRsEw8XKTE8+hqvNFVzctaOrRZ2i9Zw==",
      "dependencies": [
        "@ai-sdk/provider",
        "eventsource-parser",
        "nanoid",
        "secure-json-parse",
        "zod"
      ]
    },
    "@ai-sdk/provider@1.0.4": {
      "integrity": "sha512-lJi5zwDosvvZER3e/pB8lj1MN3o3S7zJliQq56BRr4e9V3fcRyFtwP0JRxaRS5vHYX3OJ154VezVoQNrk0eaKw==",
      "dependencies": [
        "json-schema"
      ]
    },
    "@ai-sdk/react@1.1.0": {
      "integrity": "sha512-U5lBbLyf1pw79xsk5dgHSkBv9Jta3xzWlOLpxsmHlxh1X94QOH3e1gm+nioQ/JvTuHLm23j2tz3i4MpMdchwXQ==",
      "dependencies": [
        "@ai-sdk/provider-utils@2.1.0",
        "@ai-sdk/ui-utils",
        "swr",
        "throttleit"
      ]
    },
    "@ai-sdk/ui-utils@1.1.0": {
      "integrity": "sha512-ETXwdHaHwzC7NIehbthDFGwsTFk+gNtRL/lm85nR4WDFvvYQptoM/7wTANs0p0H7zumB3Ep5hKzv0Encu8vSRw==",
      "dependencies": [
        "@ai-sdk/provider",
        "@ai-sdk/provider-utils@2.1.0",
        "zod-to-json-schema"
      ]
    },
    "@opentelemetry/api@1.9.0": {
      "integrity": "sha512-3giAOQvZiH5F9bMlMiv8+GSPMeqg0dbaeo58/0SlA9sxSqZhnUtxzX9/2FzyhS9sWQf5S0GJE0AKBrFqjpeYcg=="
    },
    "@types/diff-match-patch@1.0.36": {
      "integrity": "sha512-xFdR6tkm0MWvBfO8xXCSsinYxHcqkQUlcHeSpMC2ukzOb6lwQAfDmW+Qt0AvlGd8HpsS28qKsB+oPeJn9I39jg=="
    },
    "@types/node@22.5.4": {
      "integrity": "sha512-FDuKUJQm/ju9fT/SeX/6+gBzoPzlVCzfzmGkwKvRHQVxi4BntVbyIwf6a4Xn62mrvndLiml6z/UBXIdEVjQLXg==",
      "dependencies": [
        "undici-types"
      ]
    },
    "ai@4.1.0": {
      "integrity": "sha512-95nI9hBSSAKPrMnpJbaB3yqvh+G8BS4/EtFz3HR0HgEDJpxC0R6JAlB8+B/BXHd/roNGBrS08Z3Zain/6OFSYA==",
      "dependencies": [
        "@ai-sdk/provider",
        "@ai-sdk/provider-utils@2.1.0",
        "@ai-sdk/react",
        "@ai-sdk/ui-utils",
        "@opentelemetry/api",
        "jsondiffpatch"
      ]
    },
    "chalk@5.4.1": {
      "integrity": "sha512-zgVZuo2WcZgfUEmsn6eO3kINexW8RAE4maiQ8QNs8CtpPCSyMiYsULR3HQYkm3w8FIA3SberyMJMSldGsW+U3w=="
    },
    "dequal@2.0.3": {
      "integrity": "sha512-0je+qPKHEMohvfRTCEo3CrPG6cAzAYgmzKyxRiYSSDkS6eGJdyVJm7WaYA5ECaAD9wLB2T4EEeymA5aFVcYXCA=="
    },
    "diff-match-patch@1.0.5": {
      "integrity": "sha512-IayShXAgj/QMXgB0IWmKx+rOPuGMhqm5w6jvFxmVenXKIzRqTAAsbBPT3kWQeGANj3jGgvcvv4yK6SxqYmikgw=="
    },
    "eventsource-parser@3.0.0": {
      "integrity": "sha512-T1C0XCUimhxVQzW4zFipdx0SficT651NnkR0ZSH3yQwh+mFMdLfgjABVi4YtMTtaL4s168593DaoaRLMqryavA=="
    },
    "json-schema@0.4.0": {
      "integrity": "sha512-es94M3nTIfsEPisRafak+HDLfHXnKBhV3vU5eqPcS3flIWqcxJWgXHXiey3YrpaNsanY5ei1VoYEbOzijuq9BA=="
    },
    "jsondiffpatch@0.6.0": {
      "integrity": "sha512-3QItJOXp2AP1uv7waBkao5nCvhEv+QmJAd38Ybq7wNI74Q+BBmnLn4EDKz6yI9xGAIQoUF87qHt+kc1IVxB4zQ==",
      "dependencies": [
        "@types/diff-match-patch",
        "chalk",
        "diff-match-patch"
      ]
    },
    "nanoid@3.3.8": {
      "integrity": "sha512-WNLf5Sd8oZxOm+TzppcYk8gVOgP+l58xNy58D0nbUnOxOWRWvlcCV4kUF7ltmI6PsrLl/BgKEyS4mqsGChFN0w=="
    },
    "on-change@5.0.1": {
      "integrity": "sha512-n7THCP7RkyReRSLkJb8kUWoNsxUIBxTkIp3JKno+sEz6o/9AJ3w3P9fzQkITEkMwyTKJjZciF3v/pVoouxZZMg=="
    },
    "react@19.0.0": {
      "integrity": "sha512-V8AVnmPIICiWpGfm6GLzCR/W5FXLchHop40W4nXBmdlEceh16rCN8O8LNWm5bh5XUX91fh7KpA+W0TgMKmgTpQ=="
    },
    "secure-json-parse@2.7.0": {
      "integrity": "sha512-6aU+Rwsezw7VR8/nyvKTx8QpWH9FrcYiXXlqC4z5d5XQBDRqtbfsRjnwGyqbi3gddNtWHuEk9OANUotL26qKUw=="
    },
    "swr@2.3.0_react@19.0.0": {
      "integrity": "sha512-NyZ76wA4yElZWBHzSgEJc28a0u6QZvhb6w0azeL2k7+Q1gAzVK+IqQYXhVOC/mzi+HZIozrZvBVeSeOZNR2bqA==",
      "dependencies": [
        "dequal",
        "react",
        "use-sync-external-store"
      ]
    },
    "throttleit@2.1.0": {
      "integrity": "sha512-nt6AMGKW1p/70DF/hGBdJB57B8Tspmbp5gfJ8ilhLnt7kkr2ye7hzD6NVG8GGErk2HWF34igrL2CXmNIkzKqKw=="
    },
    "undici-types@6.19.8": {
      "integrity": "sha512-ve2KP6f/JnbPBFyobGHuerC9g1FYGn/F8n1LWTwNxCEzd6IfqTwUQcNXgEtmmQ6DlRrC1hrSrBnCZPokRrDHjw=="
    },
    "use-sync-external-store@1.4.0_react@19.0.0": {
      "integrity": "sha512-9WXSPC5fMv61vaupRkCKCxsPxBocVnwakBEkMIHHpkTTg6icbJtg6jzgtLDm4bl3cSHAca52rYWih0k4K3PfHw==",
      "dependencies": [
        "react"
      ]
    },
    "zod-to-json-schema@3.24.1_zod@3.24.1": {
      "integrity": "sha512-3h08nf3Vw3Wl3PK+q3ow/lIil81IT2Oa7YpQyUUDsEWbXveMesdfK1xBd2RhCkynwZndAxixji/7SYJJowr62w==",
      "dependencies": [
        "zod"
      ]
    },
    "zod@3.24.1": {
      "integrity": "sha512-muH7gBL9sI1nciMZV67X5fTKKBLtwpZ5VBp1vsOQzj1MhrBZ4wlVCm3gedKZWLp0Oyel8sIGfeiz54Su+OVT+A=="
    }
  },
  "redirects": {
    "https://esm.sh/ai@^4.1.0": "https://esm.sh/ai@4.1.0",
    "https://esm.sh/ai@^4.1.0%22": "https://esm.sh/ai@4.1.0",
    "https://esm.sh/ai@^4.1.0&deps=zod@3.24.1": "https://esm.sh/ai@4.1.0&deps=zod@3.24.1",
    "https://esm.sh/eventsource-parser@^3.0.0/stream?target=denonext": "https://esm.sh/eventsource-parser@3.0.0/stream?target=denonext",
    "https://esm.sh/nanoid@^3.3.8/non-secure?target=denonext": "https://esm.sh/nanoid@3.3.8/non-secure?target=denonext",
    "https://esm.sh/secure-json-parse@^2.7.0?target=denonext": "https://esm.sh/secure-json-parse@2.7.0?target=denonext",
    "https://esm.sh/zod-to-json-schema@^3.24.1?deps=zod@3.24.1&target=denonext": "https://esm.sh/zod-to-json-schema@3.24.1?deps=zod@3.24.1&target=denonext",
    "https://esm.sh/zod-to-json-schema@^3.24.1?target=denonext": "https://esm.sh/zod-to-json-schema@3.24.1?target=denonext",
    "https://esm.sh/zod@^3.0.0?target=denonext": "https://esm.sh/zod@3.24.1?target=denonext",
    "https://esm.sh/zod@^3.24.1?target=denonext": "https://esm.sh/zod@3.24.1?target=denonext"
  },
  "remote": {
    "https://esm.sh/@ai-sdk/provider-utils@2.1.0/X-ZHpvZEAzLjI0LjE/denonext/provider-utils.mjs": "9856d401d137980ee36ef5501c444cfae2b998669e463795da4c2588f2684cb5",
    "https://esm.sh/@ai-sdk/provider-utils@2.1.0/denonext/provider-utils.mjs": "9856d401d137980ee36ef5501c444cfae2b998669e463795da4c2588f2684cb5",
    "https://esm.sh/@ai-sdk/provider@1.0.4/denonext/provider.mjs": "e6f4c469189a029302f175a1f537d961adf2c6dddd032cf3171d2f336513ebaa",
    "https://esm.sh/@ai-sdk/ui-utils@1.1.0/X-ZHpvZEAzLjI0LjE/denonext/ui-utils.mjs": "eb45baf77e43ee2c667a382e8f80a59e8f487faf4b54425ed1e384cdbaff2c4d",
    "https://esm.sh/@ai-sdk/ui-utils@1.1.0/denonext/ui-utils.mjs": "38af5455f2378ad61f8ccae077ba91ea7106dd5e951a03a41b9edfaca60c5819",
    "https://esm.sh/@opentelemetry/api@1.9.0/denonext/api.mjs": "d9ede8bd549446ae09ea5af32de6b8b7d4ca13bcbd90eb39ae890c0fea78f618",
    "https://esm.sh/ai@4.1.0": "2b2ae1fcad7b3639ddd08e2c4637fc0beb8132b161d8e31437969e8764430e22",
    "https://esm.sh/ai@4.1.0&deps=zod@3.24.1": "32f541ae6572ec00c3f9c74c1a976f4f8f93ca7546608d4a31f367792a1970d0",
    "https://esm.sh/ai@4.1.0/X-ZHpvZEAzLjI0LjE/denonext/ai.mjs": "fd1007d1f8b1ec4b20b83bc7a3abbe70100b8b32cd1e62452aaa559a3f378cad",
    "https://esm.sh/ai@4.1.0/denonext/ai.mjs": "d1bea6d0ac9a4bbd15c8c728a79121d293d44fc0d0db80d58a10307993acbf90",
    "https://esm.sh/eventsource-parser@3.0.0/denonext/eventsource-parser.mjs": "cc472edca63f2c005be63c35c6e1703c86fa231619e872f4de0d0db776ccb1fb",
    "https://esm.sh/eventsource-parser@3.0.0/denonext/stream.mjs": "898fcadde111c0feb841bbe64e0dca8ed6f360ef177d7b29e093b1ad6bf9c500",
    "https://esm.sh/eventsource-parser@3.0.0/stream?target=denonext": "6bcb7611e1dab51cded9716580ecb40f208d89f5085d061be053d4e96c1e9f3e",
    "https://esm.sh/json-schema@0.4.0": "21a68e4e83b0441c3a90fa051c6b7c42d29926e4ff429745eebec153ac53cd7a",
    "https://esm.sh/json-schema@0.4.0/denonext/json-schema.mjs": "95225c6fc709935fca00cfc112f2ab043d204f7bd07a8aaec75b1b5f24ca8bf6",
    "https://esm.sh/nanoid@3.3.8/denonext/non-secure.mjs": "fddf4ab6510fe8b600cfa3fa6a38b05e275757135a156142d470fc7e544a600f",
    "https://esm.sh/nanoid@3.3.8/non-secure?target=denonext": "2c3c59d8330ed3c0444aebb4611325a49feec485e1e2c34af6971ead1d10e7d9",
    "https://esm.sh/secure-json-parse@2.7.0/denonext/secure-json-parse.mjs": "bb9840bcb6fdce5857d7412b4c4e272b70044efac66a58cc78d8c97bdb56786d",
    "https://esm.sh/secure-json-parse@2.7.0?target=denonext": "00b85213b6c18313c3de9c07941e27f9666f8c601818c221775a4f744430f89f",
    "https://esm.sh/zod-to-json-schema@3.24.1/X-ZHpvZEAzLjI0LjE/denonext/zod-to-json-schema.mjs": "6d4e0f3978f3d1d8786a79970b518c4d7f61aabd711de2ae4b6f977f4705c3fc",
    "https://esm.sh/zod-to-json-schema@3.24.1/denonext/zod-to-json-schema.mjs": "e06c331ee78571bd1231453c23cfb6ffdb66b421fa2be04abe093f0478a894ca",
    "https://esm.sh/zod-to-json-schema@3.24.1?deps=zod@3.24.1&target=denonext": "f3a2cc2162b638b5f1be693e15d6117307b99bad349fe6c077db21eac8839b06",
    "https://esm.sh/zod-to-json-schema@3.24.1?target=denonext": "81ec2eb2fb6ec876c9cae8fdbebf2cf7d28170b742c5b63fe63572ce594b9bea",
    "https://esm.sh/zod@3.24.0": "f3c6e7942a1d315f598aea762605e1dd494e7b6a131329ad0af5bece112fd5b4",
    "https://esm.sh/zod@3.24.1": "d8f5c6cf2c4ed543003211dcd9278e94544788f5cb36549ee0490dd27238fe82",
    "https://esm.sh/zod@3.24.1/denonext/zod.mjs": "32cf72ac44d794592028cb8e423d1f0c80525c49acf01f702c7dc6195b94eda3",
    "https://esm.sh/zod@3.24.1?target=denonext": "d8f5c6cf2c4ed543003211dcd9278e94544788f5cb36549ee0490dd27238fe82"
  },
  "workspace": {
    "dependencies": [
      "jsr:@core/asyncutil@^1.2.0",
      "jsr:@cross/env@^1.0.2",
      "jsr:@hono/hono@^4.6.12",
      "jsr:@std/assert@^1.0.8",
      "jsr:@std/async@^1.0.9",
      "jsr:@std/cbor@~0.1.3",
      "jsr:@std/log@~0.224.11",
      "npm:@ai-sdk/openai@^1.0.16",
      "npm:@rivet-gg/api@0.0.1-rc.5",
      "npm:ai@^4.1.0",
      "npm:on-change@^5.0.1",
      "npm:zod@3.24.1"
    ]
  }
}
