# This file is generated by running "yarn install" inside your project.
# Manual changes might be lost - proceed with caution!

__metadata:
  version: 8
  cacheKey: 10c0

"hono@npm:^4.7.2":
  version: 4.7.2
  resolution: "hono@npm:4.7.2"
  checksum: 10c0/2bf7a85f25048c0deb181a767cf020491be611089a51f45448018fc4fa8a33ab9d34d8d0d39fe4e05c0abd5cd338d9c973984583c27ce7dc8d8919cadd2991d9
  languageName: node
  linkType: hard

"monitor-betterstack@workspace:.":
  version: 0.0.0-use.local
  resolution: "monitor-betterstack@workspace:."
  dependencies:
    hono: "npm:^4.7.2"
  languageName: unknown
  linkType: soft
