{
  "version": "4",
  "specifiers": {
    "jsr:@std/random@*": "0.1.0",
    "jsr:@std/random@0.1": "0.1.0"
  },
  "jsr": {
    "@std/random@0.1.0": {
      "integrity": "70a006be0ffb77d036bab54aa8ae6bd0119ba77ace0f2f56f63273d4262a5667"
    }
  },
  "workspace": {
    "dependencies": [
      "jsr:@std/random@0.1"
    ]
  }
}
